
Microsoft Visual Studio Solution File, Format Version 12.00
# Visual Studio 15
VisualStudioVersion = 15.0.28010.2048
MinimumVisualStudioVersion = 10.0.40219.1
Project("{888888A0-9F3D-457C-B088-3A5042F75D52}") = "mygame2", "mygame2\mygame2.pyproj", "{11320FF9-F704-4440-BA89-D4B2686D7819}"
EndProject
Global
	GlobalSection(SolutionConfigurationPlatforms) = preSolution
		Debug|Any CPU = Debug|Any CPU
		Release|Any CPU = Release|Any CPU
	EndGlobalSection
	GlobalSection(ProjectConfigurationPlatforms) = postSolution
		{11320FF9-F704-4440-BA89-D4B2686D7819}.Debug|Any CPU.ActiveCfg = Debug|Any CPU
		{11320FF9-F704-4440-BA89-D4B2686D7819}.Release|Any CPU.ActiveCfg = Release|Any CPU
	EndGlobalSection
	GlobalSection(SolutionProperties) = preSolution
		HideSolutionNode = FALSE
	EndGlobalSection
	GlobalSection(ExtensibilityGlobals) = postSolution
		SolutionGuid = {B8161D0F-F882-453A-B861-691DA891891A}
	EndGlobalSection
EndGlobal
